
Microsoft Visual Studio Solution File, Format Version 12.00
# Visual Studio Version 17
VisualStudioVersion = 17.11.35312.102
MinimumVisualStudioVersion = 10.0.40219.1
Project("{FAE04EC0-301F-11D3-BF4B-00C04F79EFBC}") = "Practical_task_4_example_2_Stetsenko", "Practical_task_4_example_2_Stetsenko.csproj", "{53BB7A3B-0754-4D9F-955E-E6B000D5F2A7}"
EndProject
Global
	GlobalSection(SolutionConfigurationPlatforms) = preSolution
		Debug|Any CPU = Debug|Any CPU
		Release|Any CPU = Release|Any CPU
	EndGlobalSection
	GlobalSection(ProjectConfigurationPlatforms) = postSolution
		{53BB7A3B-0754-4D9F-955E-E6B000D5F2A7}.Debug|Any CPU.ActiveCfg = Debug|Any CPU
		{53BB7A3B-0754-4D9F-955E-E6B000D5F2A7}.Debug|Any CPU.Build.0 = Debug|Any CPU
		{53BB7A3B-0754-4D9F-955E-E6B000D5F2A7}.Release|Any CPU.ActiveCfg = Release|Any CPU
		{53BB7A3B-0754-4D9F-955E-E6B000D5F2A7}.Release|Any CPU.Build.0 = Release|Any CPU
	EndGlobalSection
	GlobalSection(SolutionProperties) = preSolution
		HideSolutionNode = FALSE
	EndGlobalSection
	GlobalSection(ExtensibilityGlobals) = postSolution
		SolutionGuid = {275FE778-28CD-4355-B5D1-DAD029D25700}
	EndGlobalSection
EndGlobal
